{
  "name": "ng-gd",
  "version": "0.0.24",
  "lockfileVersion": 2,
  "requires": true,
  "packages": {
    "": {
      "name": "ng-gd",
      "version": "0.0.24",
      "license": "MIT",
      "dependencies": {
        "tslib": "^2.3.0"
      },
      "devDependencies": {
        "ng-gd": "file:ng-gd-0.0.24.tgz"
      },
      "peerDependencies": {
        "@angular/common": "^15.0.0",
        "@angular/core": "^15.0.0"
      }
    },
    "node_modules/@angular/common": {
      "version": "15.2.8",
      "license": "MIT",
      "peer": true,
      "dependencies": {
        "tslib": "^2.3.0"
      },
      "engines": {
        "node": "^14.20.0 || ^16.13.0 || >=18.10.0"
      },
      "peerDependencies": {
        "@angular/core": "15.2.8",
        "rxjs": "^6.5.3 || ^7.4.0"
      }
    },
    "node_modules/@angular/core": {
      "version": "15.2.8",
      "license": "MIT",
      "peer": true,
      "dependencies": {
        "tslib": "^2.3.0"
      },
      "engines": {
        "node": "^14.20.0 || ^16.13.0 || >=18.10.0"
      },
      "peerDependencies": {
        "rxjs": "^6.5.3 || ^7.4.0",
        "zone.js": "~0.11.4 || ~0.12.0 || ~0.13.0"
      }
    },
    "node_modules/ng-gd": {
      "version": "0.0.24",
      "resolved": "file:ng-gd-0.0.24.tgz",
      "integrity": "sha512-mPYWlDd4IoxUNrDKOgAcKzEJ9VM5yMiMeI6X5xsTqeulMOFmoPaHCBV8yFm8NsvkEQWgXe2CgWxgIAVmDisBBQ==",
      "dev": true,
      "license": "MIT",
      "dependencies": {
        "tslib": "^2.3.0"
      },
      "peerDependencies": {
        "@angular/common": "^15.0.0",
        "@angular/core": "^15.0.0"
      }
    },
    "node_modules/rxjs": {
      "version": "7.8.1",
      "license": "Apache-2.0",
      "peer": true,
      "dependencies": {
        "tslib": "^2.1.0"
      }
    },
    "node_modules/tslib": {
      "version": "2.5.0",
      "license": "0BSD"
    },
    "node_modules/zone.js": {
      "version": "0.13.0",
      "license": "MIT",
      "peer": true,
      "dependencies": {
        "tslib": "^2.3.0"
      }
    }
  },
  "dependencies": {
    "@angular/common": {
      "version": "15.2.8",
      "peer": true,
      "requires": {
        "tslib": "^2.3.0"
      }
    },
    "@angular/core": {
      "version": "15.2.8",
      "peer": true,
      "requires": {
        "tslib": "^2.3.0"
      }
    },
    "ng-gd": {
      "version": "file:ng-gd-0.0.24.tgz",
      "integrity": "sha512-mPYWlDd4IoxUNrDKOgAcKzEJ9VM5yMiMeI6X5xsTqeulMOFmoPaHCBV8yFm8NsvkEQWgXe2CgWxgIAVmDisBBQ==",
      "dev": true,
      "requires": {
        "tslib": "^2.3.0"
      }
    },
    "rxjs": {
      "version": "7.8.1",
      "peer": true,
      "requires": {
        "tslib": "^2.1.0"
      }
    },
    "tslib": {
      "version": "2.5.0"
    },
    "zone.js": {
      "version": "0.13.0",
      "peer": true,
      "requires": {
        "tslib": "^2.3.0"
      }
    }
  }
}
